<?xml version="1.0" encoding="utf-8"?>
<Project ToolsVersion="4.0" xmlns="http://schemas.microsoft.com/developer/msbuild/2003">
  <ItemGroup>
    <ClCompile Include="FLICPLAY.C">
      <Filter>Source</Filter>
    </ClCompile>
    <ClCompile Include="LOADADDR.C">
      <Filter>Source</Filter>
    </ClCompile>
    <ClCompile Include="OVERLAY.C">
      <Filter>Source</Filter>
    </ClCompile>
    <ClCompile Include="PSXSND.C">
      <Filter>Source</Filter>
    </ClCompile>
    <ClCompile Include="VALLOC.C">
      <Filter>Source</Filter>
    </ClCompile>
    <ClCompile Include="WESSAPI.C">
      <Filter>Source</Filter>
    </ClCompile>
    <ClCompile Include="WESSARC.C">
      <Filter>Source</Filter>
    </ClCompile>
    <ClCompile Include="MK3Reboot.cpp">
      <Filter>Win32</Filter>
    </ClCompile>
    <ClCompile Include="MKAMODE.C">
      <Filter>Game</Filter>
    </ClCompile>
    <ClCompile Include="MKANI.C">
      <Filter>Game</Filter>
    </ClCompile>
    <ClCompile Include="MKANIMAL.C">
      <Filter>Game</Filter>
    </ClCompile>
    <ClCompile Include="MKBIO.C">
      <Filter>Game</Filter>
    </ClCompile>
    <ClCompile Include="MKBKGD.C">
      <Filter>Game</Filter>
    </ClCompile>
    <ClCompile Include="MKBKMOD.C">
      <Filter>Game</Filter>
    </ClCompile>
    <ClCompile Include="MKBLOOD.C">
      <Filter>Game</Filter>
    </ClCompile>
    <ClCompile Include="MKBONUS.C">
      <Filter>Game</Filter>
    </ClCompile>
    <ClCompile Include="MKBOSS.C">
      <Filter>Game</Filter>
    </ClCompile>
    <ClCompile Include="MKBT.C">
      <Filter>Game</Filter>
    </ClCompile>
    <ClCompile Include="MKBUG.C">
      <Filter>Game</Filter>
    </ClCompile>
    <ClCompile Include="MKBUYIN.C">
      <Filter>Game</Filter>
    </ClCompile>
    <ClCompile Include="MKCANNED.C">
      <Filter>Game</Filter>
    </ClCompile>
    <ClCompile Include="MKCOMBO.C">
      <Filter>Game</Filter>
    </ClCompile>
    <ClCompile Include="MKDIAG.C">
      <Filter>Game</Filter>
    </ClCompile>
    <ClCompile Include="MKDRONE.C">
      <Filter>Game</Filter>
    </ClCompile>
    <ClCompile Include="MKEND.C">
      <Filter>Game</Filter>
    </ClCompile>
    <ClCompile Include="MKFADE.C">
      <Filter>Game</Filter>
    </ClCompile>
    <ClCompile Include="MKFATAL.C">
      <Filter>Game</Filter>
    </ClCompile>
    <ClCompile Include="MKFILE.C">
      <Filter>Game</Filter>
    </ClCompile>
    <ClCompile Include="MKFRIEND.C">
      <Filter>Game</Filter>
    </ClCompile>
    <ClCompile Include="MKFX.C">
      <Filter>Game</Filter>
    </ClCompile>
    <ClCompile Include="MKGLOBAL.C">
      <Filter>Game</Filter>
    </ClCompile>
    <ClCompile Include="MKGUYS.C">
      <Filter>Game</Filter>
    </ClCompile>
    <ClCompile Include="MKHSTD.C">
      <Filter>Game</Filter>
    </ClCompile>
    <ClCompile Include="Mkinit.c">
      <Filter>Game</Filter>
    </ClCompile>
    <ClCompile Include="MKJOY.C">
      <Filter>Game</Filter>
    </ClCompile>
    <ClCompile Include="MKLADDER.C">
      <Filter>Game</Filter>
    </ClCompile>
    <ClCompile Include="MKMAIN.C">
      <Filter>Game</Filter>
    </ClCompile>
    <ClCompile Include="MKMARK.C">
      <Filter>Game</Filter>
    </ClCompile>
    <ClCompile Include="MKOBJ.C">
      <Filter>Game</Filter>
    </ClCompile>
    <ClCompile Include="MKOS.C">
      <Filter>Game</Filter>
    </ClCompile>
    <ClCompile Include="MKPAL.C">
      <Filter>Game</Filter>
    </ClCompile>
    <ClCompile Include="MKPROP.C">
      <Filter>Game</Filter>
    </ClCompile>
    <ClCompile Include="MKR1.C">
      <Filter>Game</Filter>
    </ClCompile>
    <ClCompile Include="MKREACT.C">
      <Filter>Game</Filter>
    </ClCompile>
    <ClCompile Include="MKREPELL.C">
      <Filter>Game</Filter>
    </ClCompile>
    <ClCompile Include="MKSCORE.C">
      <Filter>Game</Filter>
    </ClCompile>
    <ClCompile Include="MKSEL.C">
      <Filter>Game</Filter>
    </ClCompile>
    <ClCompile Include="MKSLAM.C">
      <Filter>Game</Filter>
    </ClCompile>
    <ClCompile Include="MKSONY.C">
      <Filter>Game</Filter>
    </ClCompile>
    <ClCompile Include="MKSOUND.C">
      <Filter>Game</Filter>
    </ClCompile>
    <ClCompile Include="MKSTAT.C">
      <Filter>Game</Filter>
    </ClCompile>
    <ClCompile Include="MKTEXT.C">
      <Filter>Game</Filter>
    </ClCompile>
    <ClCompile Include="MKUTIL.C">
      <Filter>Game</Filter>
    </ClCompile>
    <ClCompile Include="MKVS.C">
      <Filter>Game</Filter>
    </ClCompile>
    <ClCompile Include="MKWIN95.C">
      <Filter>Game</Filter>
    </ClCompile>
    <ClCompile Include="MKZAP.C">
      <Filter>Game</Filter>
    </ClCompile>
    <ClCompile Include="MOVES.C">
      <Filter>Game</Filter>
    </ClCompile>
    <ClCompile Include="BKGDTEMP.C">
      <Filter>Game</Filter>
    </ClCompile>
    <ClCompile Include="BKGDSOUL.C">
      <Filter>Game</Filter>
    </ClCompile>
    <ClCompile Include="BKGDSKEN.C">
      <Filter>Game</Filter>
    </ClCompile>
    <ClCompile Include="BKGDSBST.C">
      <Filter>Game</Filter>
    </ClCompile>
    <ClCompile Include="BKGDPORT.C">
      <Filter>Game</Filter>
    </ClCompile>
    <ClCompile Include="BKGDPIT.C">
      <Filter>Game</Filter>
    </ClCompile>
    <ClCompile Include="BKGDMOCK.C">
      <Filter>Game</Filter>
    </ClCompile>
    <ClCompile Include="BKGDGRAV.C">
      <Filter>Game</Filter>
    </ClCompile>
    <ClCompile Include="BKGDCITY.C">
      <Filter>Game</Filter>
    </ClCompile>
    <ClCompile Include="BKGDBRIG.C">
      <Filter>Game</Filter>
    </ClCompile>
    <ClCompile Include="BKGDBELL.C">
      <Filter>Game</Filter>
    </ClCompile>
    <ClCompile Include="BKGDBANK.C">
      <Filter>Game</Filter>
    </ClCompile>
    <ClCompile Include="ini.c">
      <Filter>Win32</Filter>
    </ClCompile>
  </ItemGroup>
  <ItemGroup>
    <ClInclude Include="BIGSTACK.H">
      <Filter>Source</Filter>
    </ClInclude>
    <ClInclude Include="DAVID.H">
      <Filter>Source</Filter>
    </ClInclude>
    <ClInclude Include="DIGLOAD.H">
      <Filter>Source</Filter>
    </ClInclude>
    <ClInclude Include="emulator.h">
      <Filter>Source</Filter>
    </ClInclude>
    <ClInclude Include="framework.h">
      <Filter>Source</Filter>
    </ClInclude>
    <ClInclude Include="LCDLOAD.H">
      <Filter>Source</Filter>
    </ClInclude>
    <ClInclude Include="LOADADDR.H">
      <Filter>Source</Filter>
    </ClInclude>
    <ClInclude Include="MK3SND.H">
      <Filter>Source</Filter>
    </ClInclude>
    <ClInclude Include="OVERLAY.H">
      <Filter>Source</Filter>
    </ClInclude>
    <ClInclude Include="ovlextrn.h">
      <Filter>Source</Filter>
    </ClInclude>
    <ClInclude Include="PCH.H">
      <Filter>Source</Filter>
    </ClInclude>
    <ClInclude Include="PSXCD.H">
      <Filter>Source</Filter>
    </ClInclude>
    <ClInclude Include="PSXCDABS.H">
      <Filter>Source</Filter>
    </ClInclude>
    <ClInclude Include="PSXCDOLD.H">
      <Filter>Source</Filter>
    </ClInclude>
    <ClInclude Include="PSXLIB.H">
      <Filter>Source</Filter>
    </ClInclude>
    <ClInclude Include="PSXSND.H">
      <Filter>Source</Filter>
    </ClInclude>
    <ClInclude Include="PSXSPU.H">
      <Filter>Source</Filter>
    </ClInclude>
    <ClInclude Include="Resource.h">
      <Filter>Source</Filter>
    </ClInclude>
    <ClInclude Include="SEQLOAD.H">
      <Filter>Source</Filter>
    </ClInclude>
    <ClInclude Include="SNDLST.H">
      <Filter>Source</Filter>
    </ClInclude>
    <ClInclude Include="SOUNDHW.H">
      <Filter>Source</Filter>
    </ClInclude>
    <ClInclude Include="stdstuff.h">
      <Filter>Source</Filter>
    </ClInclude>
    <ClInclude Include="SYSTEM.H">
      <Filter>Source</Filter>
    </ClInclude>
    <ClInclude Include="targetver.h">
      <Filter>Source</Filter>
    </ClInclude>
    <ClInclude Include="VALLOC.H">
      <Filter>Source</Filter>
    </ClInclude>
    <ClInclude Include="..\sound\WAVE.H">
      <Filter>Source</Filter>
    </ClInclude>
    <ClInclude Include="WESSAPI.H">
      <Filter>Source</Filter>
    </ClInclude>
    <ClInclude Include="win_port.h">
      <Filter>Source</Filter>
    </ClInclude>
    <ClInclude Include="XCHARS.H">
      <Filter>Source</Filter>
    </ClInclude>
    <ClInclude Include="FileCache.h">
      <Filter>Win32</Filter>
    </ClInclude>
    <ClInclude Include="MK3Reboot.h">
      <Filter>Win32</Filter>
    </ClInclude>
    <ClInclude Include="stb_image.h">
      <Filter>Win32</Filter>
    </ClInclude>
    <ClInclude Include="types.h">
      <Filter>Win32</Filter>
    </ClInclude>
    <ClInclude Include="MKAMODE.H">
      <Filter>Game</Filter>
    </ClInclude>
    <ClInclude Include="MKANI.H">
      <Filter>Game</Filter>
    </ClInclude>
    <ClInclude Include="MKANIMAL.H">
      <Filter>Game</Filter>
    </ClInclude>
    <ClInclude Include="MKBIO.H">
      <Filter>Game</Filter>
    </ClInclude>
    <ClInclude Include="MKBKGD.H">
      <Filter>Game</Filter>
    </ClInclude>
    <ClInclude Include="MKBLOOD.H">
      <Filter>Game</Filter>
    </ClInclude>
    <ClInclude Include="MKBONUS.H">
      <Filter>Game</Filter>
    </ClInclude>
    <ClInclude Include="MKBOSS.H">
      <Filter>Game</Filter>
    </ClInclude>
    <ClInclude Include="MKBRIEF.H">
      <Filter>Game</Filter>
    </ClInclude>
    <ClInclude Include="MKBUG.H">
      <Filter>Game</Filter>
    </ClInclude>
    <ClInclude Include="MKBUYIN.H">
      <Filter>Game</Filter>
    </ClInclude>
    <ClInclude Include="MKCANNED.H">
      <Filter>Game</Filter>
    </ClInclude>
    <ClInclude Include="MKCOMBO.H">
      <Filter>Game</Filter>
    </ClInclude>
    <ClInclude Include="MKDIAG.H">
      <Filter>Game</Filter>
    </ClInclude>
    <ClInclude Include="MKDRONE.H">
      <Filter>Game</Filter>
    </ClInclude>
    <ClInclude Include="MKEND.H">
      <Filter>Game</Filter>
    </ClInclude>
    <ClInclude Include="MKFADE.H">
      <Filter>Game</Filter>
    </ClInclude>
    <ClInclude Include="MKFATAL.H">
      <Filter>Game</Filter>
    </ClInclude>
    <ClInclude Include="MKFILE.H">
      <Filter>Game</Filter>
    </ClInclude>
    <ClInclude Include="MKFRIEND.H">
      <Filter>Game</Filter>
    </ClInclude>
    <ClInclude Include="MKFX.H">
      <Filter>Game</Filter>
    </ClInclude>
    <ClInclude Include="MKGAME.H">
      <Filter>Game</Filter>
    </ClInclude>
    <ClInclude Include="MKGUYS.H">
      <Filter>Game</Filter>
    </ClInclude>
    <ClInclude Include="MKHSTD.H">
      <Filter>Game</Filter>
    </ClInclude>
    <ClInclude Include="MKINIT.H">
      <Filter>Game</Filter>
    </ClInclude>
    <ClInclude Include="MKJOY.H">
      <Filter>Game</Filter>
    </ClInclude>
    <ClInclude Include="MKLADDER.H">
      <Filter>Game</Filter>
    </ClInclude>
    <ClInclude Include="MKMAIN.H">
      <Filter>Game</Filter>
    </ClInclude>
    <ClInclude Include="MKMARK.H">
      <Filter>Game</Filter>
    </ClInclude>
    <ClInclude Include="MKOBJ.H">
      <Filter>Game</Filter>
    </ClInclude>
    <ClInclude Include="MKOPT.H">
      <Filter>Game</Filter>
    </ClInclude>
    <ClInclude Include="MKOS.H">
      <Filter>Game</Filter>
    </ClInclude>
    <ClInclude Include="MKPAL.H">
      <Filter>Game</Filter>
    </ClInclude>
    <ClInclude Include="MKPROP.H">
      <Filter>Game</Filter>
    </ClInclude>
    <ClInclude Include="MKR1.H">
      <Filter>Game</Filter>
    </ClInclude>
    <ClInclude Include="MKREACT.H">
      <Filter>Game</Filter>
    </ClInclude>
    <ClInclude Include="MKREPELL.H">
      <Filter>Game</Filter>
    </ClInclude>
    <ClInclude Include="MKSCORE.H">
      <Filter>Game</Filter>
    </ClInclude>
    <ClInclude Include="MKSEL.H">
      <Filter>Game</Filter>
    </ClInclude>
    <ClInclude Include="MKSLAM.H">
      <Filter>Game</Filter>
    </ClInclude>
    <ClInclude Include="MKSND.H">
      <Filter>Game</Filter>
    </ClInclude>
    <ClInclude Include="MKSONY.H">
      <Filter>Game</Filter>
    </ClInclude>
    <ClInclude Include="MKSOUND.H">
      <Filter>Game</Filter>
    </ClInclude>
    <ClInclude Include="MKSTAT.H">
      <Filter>Game</Filter>
    </ClInclude>
    <ClInclude Include="MKTEXT.H">
      <Filter>Game</Filter>
    </ClInclude>
    <ClInclude Include="MKUTIL.H">
      <Filter>Game</Filter>
    </ClInclude>
    <ClInclude Include="MKVS.H">
      <Filter>Game</Filter>
    </ClInclude>
    <ClInclude Include="MKZAP.H">
      <Filter>Game</Filter>
    </ClInclude>
    <ClInclude Include="MOVES.H">
      <Filter>Game</Filter>
    </ClInclude>
    <ClInclude Include="ini.h">
      <Filter>Win32</Filter>
    </ClInclude>
  </ItemGroup>
  <ItemGroup>
    <Image Include="small.ico">
      <Filter>Source</Filter>
    </Image>
    <Image Include="MK3Reboot.ico">
      <Filter>Win32</Filter>
    </Image>
  </ItemGroup>
  <ItemGroup>
    <None Include="..\sound\BUILDSND.C">
      <Filter>Source</Filter>
    </None>
    <None Include="..\sound\WAVE.C">
      <Filter>Source</Filter>
    </None>
    <None Include="..\Runtime\D3DTest.fx">
      <Filter>Win32</Filter>
    </None>
  </ItemGroup>
  <ItemGroup>
    <Filter Include="Source">
      <UniqueIdentifier>{6e8b580e-3d89-4193-a27d-2e7393aa00ae}</UniqueIdentifier>
    </Filter>
    <Filter Include="Win32">
      <UniqueIdentifier>{498bdeb8-5237-4a07-a12c-b92769a6d3cc}</UniqueIdentifier>
    </Filter>
    <Filter Include="Game">
      <UniqueIdentifier>{7a6b9896-92d5-4ded-a1e8-afd7ab5d7cd6}</UniqueIdentifier>
    </Filter>
  </ItemGroup>
  <ItemGroup>
    <ResourceCompile Include="MK3Reboot.rc">
      <Filter>Win32</Filter>
    </ResourceCompile>
  </ItemGroup>
</Project>